
Microsoft Visual Studio Solution File, Format Version 12.00
# Visual Studio 2013
VisualStudioVersion = 12.0.21005.1
MinimumVisualStudioVersion = 10.0.40219.1
Project("{8BC9CEB8-8B4A-11D0-8D11-00A0C91BC942}") = "libmujs", "mujs\libmujs.vcxproj", "{315AD846-9205-4F3C-BF59-3C9CD5E6D274}"
EndProject
Project("{8BC9CEB8-8B4A-11D0-8D11-00A0C91BC942}") = "HelloWorld", "HelloWorld\HelloWorld.vcxproj", "{306952B3-C662-400E-AB35-E0E641E5631A}"
EndProject
Project("{2150E333-8FDC-42A3-9474-1A3956D46DE8}") = "example", "example", "{9270C505-924C-4CF7-A483-F08592D5F23B}"
EndProject
Project("{8BC9CEB8-8B4A-11D0-8D11-00A0C91BC942}") = "interpreter", "interpreter\interpreter.vcxproj", "{E314306A-DC90-48B0-892B-D97743F5AA43}"
EndProject
Project("{8BC9CEB8-8B4A-11D0-8D11-00A0C91BC942}") = "printargs", "printargs\printargs.vcxproj", "{8746DDF7-C29D-4678-95FA-809BAEEA3412}"
EndProject
Project("{8BC9CEB8-8B4A-11D0-8D11-00A0C91BC942}") = "config_file", "config_file\config_file.vcxproj", "{2676E827-D0E5-445F-83F8-1D29192E3A08}"
EndProject
Project("{8BC9CEB8-8B4A-11D0-8D11-00A0C91BC942}") = "object1", "object1\object1.vcxproj", "{223CE20D-4BE4-462A-B019-304B4A74AEC1}"
EndProject
Project("{8BC9CEB8-8B4A-11D0-8D11-00A0C91BC942}") = "Callbacks1", "Callbacks1\Callbacks1.vcxproj", "{63663507-87DC-4CE6-BDEF-E9CFDFF70842}"
EndProject
Project("{8BC9CEB8-8B4A-11D0-8D11-00A0C91BC942}") = "Callbacks2", "Callbacks2\Callbacks2.vcxproj", "{A8E3F5C7-E899-4083-A723-D8B3044A6762}"
EndProject
Project("{8BC9CEB8-8B4A-11D0-8D11-00A0C91BC942}") = "userdata", "userdata\userdata.vcxproj", "{EAC3AF01-9ABB-4868-80A4-B338797A7903}"
EndProject
Global
	GlobalSection(SolutionConfigurationPlatforms) = preSolution
		Debug|Win32 = Debug|Win32
		Release|Win32 = Release|Win32
	EndGlobalSection
	GlobalSection(ProjectConfigurationPlatforms) = postSolution
		{315AD846-9205-4F3C-BF59-3C9CD5E6D274}.Debug|Win32.ActiveCfg = Debug|Win32
		{315AD846-9205-4F3C-BF59-3C9CD5E6D274}.Debug|Win32.Build.0 = Debug|Win32
		{315AD846-9205-4F3C-BF59-3C9CD5E6D274}.Release|Win32.ActiveCfg = Release|Win32
		{315AD846-9205-4F3C-BF59-3C9CD5E6D274}.Release|Win32.Build.0 = Release|Win32
		{306952B3-C662-400E-AB35-E0E641E5631A}.Debug|Win32.ActiveCfg = Debug|Win32
		{306952B3-C662-400E-AB35-E0E641E5631A}.Debug|Win32.Build.0 = Debug|Win32
		{306952B3-C662-400E-AB35-E0E641E5631A}.Release|Win32.ActiveCfg = Release|Win32
		{306952B3-C662-400E-AB35-E0E641E5631A}.Release|Win32.Build.0 = Release|Win32
		{E314306A-DC90-48B0-892B-D97743F5AA43}.Debug|Win32.ActiveCfg = Debug|Win32
		{E314306A-DC90-48B0-892B-D97743F5AA43}.Debug|Win32.Build.0 = Debug|Win32
		{E314306A-DC90-48B0-892B-D97743F5AA43}.Release|Win32.ActiveCfg = Release|Win32
		{E314306A-DC90-48B0-892B-D97743F5AA43}.Release|Win32.Build.0 = Release|Win32
		{8746DDF7-C29D-4678-95FA-809BAEEA3412}.Debug|Win32.ActiveCfg = Debug|Win32
		{8746DDF7-C29D-4678-95FA-809BAEEA3412}.Debug|Win32.Build.0 = Debug|Win32
		{8746DDF7-C29D-4678-95FA-809BAEEA3412}.Release|Win32.ActiveCfg = Release|Win32
		{8746DDF7-C29D-4678-95FA-809BAEEA3412}.Release|Win32.Build.0 = Release|Win32
		{2676E827-D0E5-445F-83F8-1D29192E3A08}.Debug|Win32.ActiveCfg = Debug|Win32
		{2676E827-D0E5-445F-83F8-1D29192E3A08}.Debug|Win32.Build.0 = Debug|Win32
		{2676E827-D0E5-445F-83F8-1D29192E3A08}.Release|Win32.ActiveCfg = Release|Win32
		{2676E827-D0E5-445F-83F8-1D29192E3A08}.Release|Win32.Build.0 = Release|Win32
		{223CE20D-4BE4-462A-B019-304B4A74AEC1}.Debug|Win32.ActiveCfg = Debug|Win32
		{223CE20D-4BE4-462A-B019-304B4A74AEC1}.Debug|Win32.Build.0 = Debug|Win32
		{223CE20D-4BE4-462A-B019-304B4A74AEC1}.Release|Win32.ActiveCfg = Release|Win32
		{223CE20D-4BE4-462A-B019-304B4A74AEC1}.Release|Win32.Build.0 = Release|Win32
		{63663507-87DC-4CE6-BDEF-E9CFDFF70842}.Debug|Win32.ActiveCfg = Debug|Win32
		{63663507-87DC-4CE6-BDEF-E9CFDFF70842}.Debug|Win32.Build.0 = Debug|Win32
		{63663507-87DC-4CE6-BDEF-E9CFDFF70842}.Release|Win32.ActiveCfg = Release|Win32
		{63663507-87DC-4CE6-BDEF-E9CFDFF70842}.Release|Win32.Build.0 = Release|Win32
		{A8E3F5C7-E899-4083-A723-D8B3044A6762}.Debug|Win32.ActiveCfg = Debug|Win32
		{A8E3F5C7-E899-4083-A723-D8B3044A6762}.Debug|Win32.Build.0 = Debug|Win32
		{A8E3F5C7-E899-4083-A723-D8B3044A6762}.Release|Win32.ActiveCfg = Release|Win32
		{A8E3F5C7-E899-4083-A723-D8B3044A6762}.Release|Win32.Build.0 = Release|Win32
		{EAC3AF01-9ABB-4868-80A4-B338797A7903}.Debug|Win32.ActiveCfg = Debug|Win32
		{EAC3AF01-9ABB-4868-80A4-B338797A7903}.Debug|Win32.Build.0 = Debug|Win32
		{EAC3AF01-9ABB-4868-80A4-B338797A7903}.Release|Win32.ActiveCfg = Release|Win32
		{EAC3AF01-9ABB-4868-80A4-B338797A7903}.Release|Win32.Build.0 = Release|Win32
	EndGlobalSection
	GlobalSection(SolutionProperties) = preSolution
		HideSolutionNode = FALSE
	EndGlobalSection
	GlobalSection(NestedProjects) = preSolution
		{306952B3-C662-400E-AB35-E0E641E5631A} = {9270C505-924C-4CF7-A483-F08592D5F23B}
		{E314306A-DC90-48B0-892B-D97743F5AA43} = {9270C505-924C-4CF7-A483-F08592D5F23B}
		{8746DDF7-C29D-4678-95FA-809BAEEA3412} = {9270C505-924C-4CF7-A483-F08592D5F23B}
		{2676E827-D0E5-445F-83F8-1D29192E3A08} = {9270C505-924C-4CF7-A483-F08592D5F23B}
		{223CE20D-4BE4-462A-B019-304B4A74AEC1} = {9270C505-924C-4CF7-A483-F08592D5F23B}
		{63663507-87DC-4CE6-BDEF-E9CFDFF70842} = {9270C505-924C-4CF7-A483-F08592D5F23B}
		{A8E3F5C7-E899-4083-A723-D8B3044A6762} = {9270C505-924C-4CF7-A483-F08592D5F23B}
		{EAC3AF01-9ABB-4868-80A4-B338797A7903} = {9270C505-924C-4CF7-A483-F08592D5F23B}
	EndGlobalSection
EndGlobal
